<?xml version="1.0" encoding="utf-8"?>
<Project ToolsVersion="4.0" xmlns="http://schemas.microsoft.com/developer/msbuild/2003">
  <ItemGroup>
    <Filter Include="Source Files">
      <UniqueIdentifier>{4FC737F1-C7A5-4376-A066-2A32D752A2FF}</UniqueIdentifier>
      <Extensions>cpp;c;cc;cxx;def;odl;idl;hpj;bat;asm;asmx</Extensions>
    </Filter>
    <Filter Include="Header Files">
      <UniqueIdentifier>{93995380-89BD-4b04-88EB-625FBE52EBFB}</UniqueIdentifier>
      <Extensions>h;hh;hpp;hxx;hm;inl;inc;xsd</Extensions>
    </Filter>
    <Filter Include="Implementation Files">
      <UniqueIdentifier>{cd9c42b0-4898-4595-8882-2f478ee0512d}</UniqueIdentifier>
    </Filter>
    <Filter Include="Header Files\Algorithms">
      <UniqueIdentifier>{3ff00576-23d9-42ed-bc46-82d90b7189a3}</UniqueIdentifier>
    </Filter>
    <Filter Include="Implementation Files\Algorithms">
      <UniqueIdentifier>{826b8e79-178b-42c1-a5fb-cae332bfb3a0}</UniqueIdentifier>
    </Filter>
  </ItemGroup>
  <ItemGroup>
    <ClInclude Include="..\..\src\Character.hh">
      <Filter>Header Files</Filter>
    </ClInclude>
    <ClInclude Include="..\..\src\Check.hh">
      <Filter>Header Files</Filter>
    </ClInclude>
    <ClInclude Include="..\..\src\Event.hh">
      <Filter>Header Files</Filter>
    </ClInclude>
    <ClInclude Include="..\..\src\Exception.hh">
      <Filter>Header Files</Filter>
    </ClInclude>
    <ClInclude Include="..\..\src\Modifier.hh">
      <Filter>Header Files</Filter>
    </ClInclude>
    <ClInclude Include="..\..\src\ModifierList.hh">
      <Filter>Header Files</Filter>
    </ClInclude>
    <ClInclude Include="..\..\src\ModifierType.hh">
      <Filter>Header Files</Filter>
    </ClInclude>
    <ClInclude Include="..\..\src\Percent.hh">
      <Filter>Header Files</Filter>
    </ClInclude>
    <ClInclude Include="..\..\src\Random.hh">
      <Filter>Header Files</Filter>
    </ClInclude>
    <ClInclude Include="..\..\src\Resource.hh">
      <Filter>Header Files</Filter>
    </ClInclude>
    <ClInclude Include="..\..\src\Skill.hh">
      <Filter>Header Files</Filter>
    </ClInclude>
    <ClInclude Include="..\..\src\Stat.hh">
      <Filter>Header Files</Filter>
    </ClInclude>
    <ClInclude Include="..\..\src\Template.hh">
      <Filter>Header Files</Filter>
    </ClInclude>
    <ClInclude Include="..\..\src\Trait.hh">
      <Filter>Header Files</Filter>
    </ClInclude>
    <ClInclude Include="..\..\src\Template.impl.hh">
      <Filter>Implementation Files</Filter>
    </ClInclude>
    <ClInclude Include="..\..\src\Skill.impl.hh">
      <Filter>Implementation Files</Filter>
    </ClInclude>
    <ClInclude Include="..\..\src\Resource.impl.hh">
      <Filter>Implementation Files</Filter>
    </ClInclude>
    <ClInclude Include="..\..\src\Modifier.impl.hh">
      <Filter>Implementation Files</Filter>
    </ClInclude>
    <ClInclude Include="..\..\src\Check.impl.hh">
      <Filter>Implementation Files</Filter>
    </ClInclude>
    <ClInclude Include="..\..\src\Character.impl.hh">
      <Filter>Implementation Files</Filter>
    </ClInclude>
    <ClInclude Include="..\..\src\Trait.impl.hh">
      <Filter>Implementation Files</Filter>
    </ClInclude>
    <ClInclude Include="..\..\src\Stat.impl.hh">
      <Filter>Implementation Files</Filter>
    </ClInclude>
    <ClInclude Include="..\..\src\Algorithms\Linear.hh">
      <Filter>Header Files\Algorithms</Filter>
    </ClInclude>
    <ClInclude Include="..\..\src\Algorithms\Linear.impl.hh">
      <Filter>Implementation Files\Algorithms</Filter>
    </ClInclude>
  </ItemGroup>
  <ItemGroup>
    <ClCompile Include="..\..\src\Check.cc">
      <Filter>Source Files</Filter>
    </ClCompile>
    <ClCompile Include="..\..\src\Event.cc">
      <Filter>Source Files</Filter>
    </ClCompile>
    <ClCompile Include="..\..\src\Modifier.cc">
      <Filter>Source Files</Filter>
    </ClCompile>
    <ClCompile Include="..\..\src\ModifierList.cc">
      <Filter>Source Files</Filter>
    </ClCompile>
    <ClCompile Include="..\..\src\ModifierType.cc">
      <Filter>Source Files</Filter>
    </ClCompile>
    <ClCompile Include="..\..\src\Percent.cc">
      <Filter>Source Files</Filter>
    </ClCompile>
    <ClCompile Include="..\..\src\Random.cc">
      <Filter>Source Files</Filter>
    </ClCompile>
  </ItemGroup>
</Project>